// !$*UTF8*$!
{
	archiveVersion = 1;
	classes = {
	};
	objectVersion = 46;
	objects = {

/* Begin PBXBuildFile section */
		61CBDB501A2C5BE400DC6858 /* AppDelegate.m in Sources */ = {isa = PBXBuildFile; fileRef = 61CBDB4F1A2C5BE400DC6858 /* AppDelegate.m */; };
		61CBDB521A2C5BE400DC6858 /* main.m in Sources */ = {isa = PBXBuildFile; fileRef = 61CBDB511A2C5BE400DC6858 /* main.m */; };
		61CBDB551A2C5BE400DC6858 /* ViewController.m in Sources */ = {isa = PBXBuildFile; fileRef = 61CBDB541A2C5BE400DC6858 /* ViewController.m */; };
		61CBDB571A2C5BE400DC6858 /* Images.xcassets in Resources */ = {isa = PBXBuildFile; fileRef = 61CBDB561A2C5BE400DC6858 /* Images.xcassets */; };
		61CBDB5A1A2C5BE400DC6858 /* Main.storyboard in Resources */ = {isa = PBXBuildFile; fileRef = 61CBDB581A2C5BE400DC6858 /* Main.storyboard */; };
		61CBDB661A2C5BE500DC6858 /* SortPhotosTests.m in Sources */ = {isa = PBXBuildFile; fileRef = 61CBDB651A2C5BE500DC6858 /* SortPhotosTests.m */; };
/* End PBXBuildFile section */

/* Begin PBXContainerItemProxy section */
		61CBDB601A2C5BE500DC6858 /* PBXContainerItemProxy */ = {
			isa = PBXContainerItemProxy;
			containerPortal = 61CBDB411A2C5BE400DC6858 /* Project object */;
			proxyType = 1;
			remoteGlobalIDString = 61CBDB481A2C5BE400DC6858;
			remoteInfo = SortPhotos;
		};
/* End PBXContainerItemProxy section */

/* Begin PBXFileReference section */
		61CBDB491A2C5BE400DC6858 /* SortPhotos.app */ = {isa = PBXFileReference; explicitFileType = wrapper.application; includeInIndex = 0; path = SortPhotos.app; sourceTree = BUILT_PRODUCTS_DIR; };
		61CBDB4D1A2C5BE400DC6858 /* Info.plist */ = {isa = PBXFileReference; lastKnownFileType = text.plist.xml; path = Info.plist; sourceTree = "<group>"; };
		61CBDB4E1A2C5BE400DC6858 /* AppDelegate.h */ = {isa = PBXFileReference; lastKnownFileType = sourcecode.c.h; path = AppDelegate.h; sourceTree = "<group>"; };
		61CBDB4F1A2C5BE400DC6858 /* AppDelegate.m */ = {isa = PBXFileReference; lastKnownFileType = sourcecode.c.objc; path = AppDelegate.m; sourceTree = "<group>"; };
		61CBDB511A2C5BE400DC6858 /* main.m */ = {isa = PBXFileReference; lastKnownFileType = sourcecode.c.objc; path = main.m; sourceTree = "<group>"; };
		61CBDB531A2C5BE400DC6858 /* ViewController.h */ = {isa = PBXFileReference; lastKnownFileType = sourcecode.c.h; path = ViewController.h; sourceTree = "<group>"; };
		61CBDB541A2C5BE400DC6858 /* ViewController.m */ = {isa = PBXFileReference; lastKnownFileType = sourcecode.c.objc; path = ViewController.m; sourceTree = "<group>"; };
		61CBDB561A2C5BE400DC6858 /* Images.xcassets */ = {isa = PBXFileReference; lastKnownFileType = folder.assetcatalog; path = Images.xcassets; sourceTree = "<group>"; };
		61CBDB591A2C5BE400DC6858 /* Base */ = {isa = PBXFileReference; lastKnownFileType = file.storyboard; name = Base; path = Base.lproj/Main.storyboard; sourceTree = "<group>"; };
		61CBDB5F1A2C5BE500DC6858 /* SortPhotosTests.xctest */ = {isa = PBXFileReference; explicitFileType = wrapper.cfbundle; includeInIndex = 0; path = SortPhotosTests.xctest; sourceTree = BUILT_PRODUCTS_DIR; };
		61CBDB641A2C5BE500DC6858 /* Info.plist */ = {isa = PBXFileReference; lastKnownFileType = text.plist.xml; path = Info.plist; sourceTree = "<group>"; };
		61CBDB651A2C5BE500DC6858 /* SortPhotosTests.m */ = {isa = PBXFileReference; lastKnownFileType = sourcecode.c.objc; path = SortPhotosTests.m; sourceTree = "<group>"; };
/* End PBXFileReference section */

/* Begin PBXFrameworksBuildPhase section */
		61CBDB461A2C5BE400DC6858 /* Frameworks */ = {
			isa = PBXFrameworksBuildPhase;
			buildActionMask = 2147483647;
			files = (
			);
			runOnlyForDeploymentPostprocessing = 0;
		};
		61CBDB5C1A2C5BE500DC6858 /* Frameworks */ = {
			isa = PBXFrameworksBuildPhase;
			buildActionMask = 2147483647;
			files = (
			);
			runOnlyForDeploymentPostprocessing = 0;
		};
/* End PBXFrameworksBuildPhase section */

/* Begin PBXGroup section */
		61CBDB401A2C5BE400DC6858 = {
			isa = PBXGroup;
			children = (
				61CBDB4B1A2C5BE400DC6858 /* SortPhotos */,
				61CBDB621A2C5BE500DC6858 /* SortPhotosTests */,
				61CBDB4A1A2C5BE400DC6858 /* Products */,
			);
			sourceTree = "<group>";
		};
		61CBDB4A1A2C5BE400DC6858 /* Products */ = {
			isa = PBXGroup;
			children = (
				61CBDB491A2C5BE400DC6858 /* SortPhotos.app */,
				61CBDB5F1A2C5BE500DC6858 /* SortPhotosTests.xctest */,
			);
			name = Products;
			sourceTree = "<group>";
		};
		61CBDB4B1A2C5BE400DC6858 /* SortPhotos */ = {
			isa = PBXGroup;
			children = (
				61CBDB4E1A2C5BE400DC6858 /* AppDelegate.h */,
				61CBDB4F1A2C5BE400DC6858 /* AppDelegate.m */,
				61CBDB531A2C5BE400DC6858 /* ViewController.h */,
				61CBDB541A2C5BE400DC6858 /* ViewController.m */,
				61CBDB561A2C5BE400DC6858 /* Images.xcassets */,
				61CBDB581A2C5BE400DC6858 /* Main.storyboard */,
				61CBDB4C1A2C5BE400DC6858 /* Supporting Files */,
			);
			path = SortPhotos;
			sourceTree = "<group>";
		};
		61CBDB4C1A2C5BE400DC6858 /* Supporting Files */ = {
			isa = PBXGroup;
			children = (
				61CBDB4D1A2C5BE400DC6858 /* Info.plist */,
				61CBDB511A2C5BE400DC6858 /* main.m */,
			);
			name = "Supporting Files";
			sourceTree = "<group>";
		};
		61CBDB621A2C5BE500DC6858 /* SortPhotosTests */ = {
			isa = PBXGroup;
			children = (
				61CBDB651A2C5BE500DC6858 /* SortPhotosTests.m */,
				61CBDB631A2C5BE500DC6858 /* Supporting Files */,
			);
			path = SortPhotosTests;
			sourceTree = "<group>";
		};
		61CBDB631A2C5BE500DC6858 /* Supporting Files */ = {
			isa = PBXGroup;
			children = (
				61CBDB641A2C5BE500DC6858 /* Info.plist */,
			);
			name = "Supporting Files";
			sourceTree = "<group>";
		};
/* End PBXGroup section */

/* Begin PBXNativeTarget section */
		61CBDB481A2C5BE400DC6858 /* SortPhotos */ = {
			isa = PBXNativeTarget;
			buildConfigurationList = 61CBDB691A2C5BE500DC6858 /* Build configuration list for PBXNativeTarget "SortPhotos" */;
			buildPhases = (
				61CBDB451A2C5BE400DC6858 /* Sources */,
				61CBDB461A2C5BE400DC6858 /* Frameworks */,
				61CBDB471A2C5BE400DC6858 /* Resources */,
			);
			buildRules = (
			);
			dependencies = (
			);
			name = SortPhotos;
			productName = SortPhotos;
			productReference = 61CBDB491A2C5BE400DC6858 /* SortPhotos.app */;
			productType = "com.apple.product-type.application";
		};
		61CBDB5E1A2C5BE500DC6858 /* SortPhotosTests */ = {
			isa = PBXNativeTarget;
			buildConfigurationList = 61CBDB6C1A2C5BE500DC6858 /* Build configuration list for PBXNativeTarget "SortPhotosTests" */;
			buildPhases = (
				61CBDB5B1A2C5BE500DC6858 /* Sources */,
				61CBDB5C1A2C5BE500DC6858 /* Frameworks */,
				61CBDB5D1A2C5BE500DC6858 /* Resources */,
			);
			buildRules = (
			);
			dependencies = (
				61CBDB611A2C5BE500DC6858 /* PBXTargetDependency */,
			);
			name = SortPhotosTests;
			productName = SortPhotosTests;
			productReference = 61CBDB5F1A2C5BE500DC6858 /* SortPhotosTests.xctest */;
			productType = "com.apple.product-type.bundle.unit-test";
		};
/* End PBXNativeTarget section */

/* Begin PBXProject section */
		61CBDB411A2C5BE400DC6858 /* Project object */ = {
			isa = PBXProject;
			attributes = {
				LastUpgradeCheck = 0610;
				ORGANIZATIONNAME = "Thatname Group";
				TargetAttributes = {
					61CBDB481A2C5BE400DC6858 = {
						CreatedOnToolsVersion = 6.1;
					};
					61CBDB5E1A2C5BE500DC6858 = {
						CreatedOnToolsVersion = 6.1;
						TestTargetID = 61CBDB481A2C5BE400DC6858;
					};
				};
			};
			buildConfigurationList = 61CBDB441A2C5BE400DC6858 /* Build configuration list for PBXProject "SortPhotos" */;
			compatibilityVersion = "Xcode 3.2";
			developmentRegion = English;
			hasScannedForEncodings = 0;
			knownRegions = (
				en,
				Base,
			);
			mainGroup = 61CBDB401A2C5BE400DC6858;
			productRefGroup = 61CBDB4A1A2C5BE400DC6858 /* Products */;
			projectDirPath = "";
			projectRoot = "";
			targets = (
				61CBDB481A2C5BE400DC6858 /* SortPhotos */,
				61CBDB5E1A2C5BE500DC6858 /* SortPhotosTests */,
			);
		};
/* End PBXProject section */

/* Begin PBXResourcesBuildPhase section */
		61CBDB471A2C5BE400DC6858 /* Resources */ = {
			isa = PBXResourcesBuildPhase;
			buildActionMask = 2147483647;
			files = (
				61CBDB571A2C5BE400DC6858 /* Images.xcassets in Resources */,
				61CBDB5A1A2C5BE400DC6858 /* Main.storyboard in Resources */,
			);
			runOnlyForDeploymentPostprocessing = 0;
		};
		61CBDB5D1A2C5BE500DC6858 /* Resources */ = {
			isa = PBXResourcesBuildPhase;
			buildActionMask = 2147483647;
			files = (
			);
			runOnlyForDeploymentPostprocessing = 0;
		};
/* End PBXResourcesBuildPhase section */

/* Begin PBXSourcesBuildPhase section */
		61CBDB451A2C5BE400DC6858 /* Sources */ = {
			isa = PBXSourcesBuildPhase;
			buildActionMask = 2147483647;
			files = (
				61CBDB551A2C5BE400DC6858 /* ViewController.m in Sources */,
				61CBDB521A2C5BE400DC6858 /* main.m in Sources */,
				61CBDB501A2C5BE400DC6858 /* AppDelegate.m in Sources */,
			);
			runOnlyForDeploymentPostprocessing = 0;
		};
		61CBDB5B1A2C5BE500DC6858 /* Sources */ = {
			isa = PBXSourcesBuildPhase;
			buildActionMask = 2147483647;
			files = (
				61CBDB661A2C5BE500DC6858 /* SortPhotosTests.m in Sources */,
			);
			runOnlyForDeploymentPostprocessing = 0;
		};
/* End PBXSourcesBuildPhase section */

/* Begin PBXTargetDependency section */
		61CBDB611A2C5BE500DC6858 /* PBXTargetDependency */ = {
			isa = PBXTargetDependency;
			target = 61CBDB481A2C5BE400DC6858 /* SortPhotos */;
			targetProxy = 61CBDB601A2C5BE500DC6858 /* PBXContainerItemProxy */;
		};
/* End PBXTargetDependency section */

/* Begin PBXVariantGroup section */
		61CBDB581A2C5BE400DC6858 /* Main.storyboard */ = {
			isa = PBXVariantGroup;
			children = (
				61CBDB591A2C5BE400DC6858 /* Base */,
			);
			name = Main.storyboard;
			sourceTree = "<group>";
		};
/* End PBXVariantGroup section */

/* Begin XCBuildConfiguration section */
		61CBDB671A2C5BE500DC6858 /* Debug */ = {
			isa = XCBuildConfiguration;
			buildSettings = {
				ALWAYS_SEARCH_USER_PATHS = NO;
				CLANG_CXX_LANGUAGE_STANDARD = "gnu++0x";
				CLANG_CXX_LIBRARY = "libc++";
				CLANG_ENABLE_MODULES = YES;
				CLANG_ENABLE_OBJC_ARC = YES;
				CLANG_WARN_BOOL_CONVERSION = YES;
				CLANG_WARN_CONSTANT_CONVERSION = YES;
				CLANG_WARN_DIRECT_OBJC_ISA_USAGE = YES_ERROR;
				CLANG_WARN_EMPTY_BODY = YES;
				CLANG_WARN_ENUM_CONVERSION = YES;
				CLANG_WARN_INT_CONVERSION = YES;
				CLANG_WARN_OBJC_ROOT_CLASS = YES_ERROR;
				CLANG_WARN_UNREACHABLE_CODE = YES;
				CLANG_WARN__DUPLICATE_METHOD_MATCH = YES;
				CODE_SIGN_IDENTITY = "-";
				COPY_PHASE_STRIP = NO;
				ENABLE_STRICT_OBJC_MSGSEND = YES;
				GCC_C_LANGUAGE_STANDARD = gnu99;
				GCC_DYNAMIC_NO_PIC = NO;
				GCC_OPTIMIZATION_LEVEL = 0;
				GCC_PREPROCESSOR_DEFINITIONS = (
					"DEBUG=1",
					"$(inherited)",
				);
				GCC_SYMBOLS_PRIVATE_EXTERN = NO;
				GCC_WARN_64_TO_32_BIT_CONVERSION = YES;
				GCC_WARN_ABOUT_RETURN_TYPE = YES_ERROR;
				GCC_WARN_UNDECLARED_SELECTOR = YES;
				GCC_WARN_UNINITIALIZED_AUTOS = YES_AGGRESSIVE;
				GCC_WARN_UNUSED_FUNCTION = YES;
				GCC_WARN_UNUSED_VARIABLE = YES;
				MACOSX_DEPLOYMENT_TARGET = 10.10;
				MTL_ENABLE_DEBUG_INFO = YES;
				ONLY_ACTIVE_ARCH = YES;
				SDKROOT = macosx;
			};
			name = Debug;
		};
		61CBDB681A2C5BE500DC6858 /* Release */ = {
			isa = XCBuildConfiguration;
			buildSettings = {
				ALWAYS_SEARCH_USER_PATHS = NO;
				CLANG_CXX_LANGUAGE_STANDARD = "gnu++0x";
				CLANG_CXX_LIBRARY = "libc++";
				CLANG_ENABLE_MODULES = YES;
				CLANG_ENABLE_OBJC_ARC = YES;
				CLANG_WARN_BOOL_CONVERSION = YES;
				CLANG_WARN_CONSTANT_CONVERSION = YES;
				CLANG_WARN_DIRECT_OBJC_ISA_USAGE = YES_ERROR;
				CLANG_WARN_EMPTY_BODY = YES;
				CLANG_WARN_ENUM_CONVERSION = YES;
				CLANG_WARN_INT_CONVERSION = YES;
				CLANG_WARN_OBJC_ROOT_CLASS = YES_ERROR;
				CLANG_WARN_UNREACHABLE_CODE = YES;
				CLANG_WARN__DUPLICATE_METHOD_MATCH = YES;
				CODE_SIGN_IDENTITY = "-";
				COPY_PHASE_STRIP = YES;
				DEBUG_INFORMATION_FORMAT = "dwarf-with-dsym";
				ENABLE_NS_ASSERTIONS = NO;
				ENABLE_STRICT_OBJC_MSGSEND = YES;
				GCC_C_LANGUAGE_STANDARD = gnu99;
				GCC_WARN_64_TO_32_BIT_CONVERSION = YES;
				GCC_WARN_ABOUT_RETURN_TYPE = YES_ERROR;
				GCC_WARN_UNDECLARED_SELECTOR = YES;
				GCC_WARN_UNINITIALIZED_AUTOS = YES_AGGRESSIVE;
				GCC_WARN_UNUSED_FUNCTION = YES;
				GCC_WARN_UNUSED_VARIABLE = YES;
				MACOSX_DEPLOYMENT_TARGET = 10.10;
				MTL_ENABLE_DEBUG_INFO = NO;
				SDKROOT = macosx;
			};
			name = Release;
		};
		61CBDB6A1A2C5BE500DC6858 /* Debug */ = {
			isa = XCBuildConfiguration;
			buildSettings = {
				ASSETCATALOG_COMPILER_APPICON_NAME = AppIcon;
				COMBINE_HIDPI_IMAGES = YES;
				INFOPLIST_FILE = SortPhotos/Info.plist;
				LD_RUNPATH_SEARCH_PATHS = "$(inherited) @executable_path/../Frameworks";
				PRODUCT_NAME = "$(TARGET_NAME)";
			};
			name = Debug;
		};
		61CBDB6B1A2C5BE500DC6858 /* Release */ = {
			isa = XCBuildConfiguration;
			buildSettings = {
				ASSETCATALOG_COMPILER_APPICON_NAME = AppIcon;
				COMBINE_HIDPI_IMAGES = YES;
				INFOPLIST_FILE = SortPhotos/Info.plist;
				LD_RUNPATH_SEARCH_PATHS = "$(inherited) @executable_path/../Frameworks";
				PRODUCT_NAME = "$(TARGET_NAME)";
			};
			name = Release;
		};
		61CBDB6D1A2C5BE500DC6858 /* Debug */ = {
			isa = XCBuildConfiguration;
			buildSettings = {
				BUNDLE_LOADER = "$(TEST_HOST)";
				COMBINE_HIDPI_IMAGES = YES;
				FRAMEWORK_SEARCH_PATHS = (
					"$(DEVELOPER_FRAMEWORKS_DIR)",
					"$(inherited)",
				);
				GCC_PREPROCESSOR_DEFINITIONS = (
					"DEBUG=1",
					"$(inherited)",
				);
				INFOPLIST_FILE = SortPhotosTests/Info.plist;
				LD_RUNPATH_SEARCH_PATHS = "$(inherited) @executable_path/../Frameworks @loader_path/../Frameworks";
				PRODUCT_NAME = "$(TARGET_NAME)";
				TEST_HOST = "$(BUILT_PRODUCTS_DIR)/SortPhotos.app/Contents/MacOS/SortPhotos";
			};
			name = Debug;
		};
		61CBDB6E1A2C5BE500DC6858 /* Release */ = {
			isa = XCBuildConfiguration;
			buildSettings = {
				BUNDLE_LOADER = "$(TEST_HOST)";
				COMBINE_HIDPI_IMAGES = YES;
				FRAMEWORK_SEARCH_PATHS = (
					"$(DEVELOPER_FRAMEWORKS_DIR)",
					"$(inherited)",
				);
				INFOPLIST_FILE = SortPhotosTests/Info.plist;
				LD_RUNPATH_SEARCH_PATHS = "$(inherited) @executable_path/../Frameworks @loader_path/../Frameworks";
				PRODUCT_NAME = "$(TARGET_NAME)";
				TEST_HOST = "$(BUILT_PRODUCTS_DIR)/SortPhotos.app/Contents/MacOS/SortPhotos";
			};
			name = Release;
		};
/* End XCBuildConfiguration section */

/* Begin XCConfigurationList section */
		61CBDB441A2C5BE400DC6858 /* Build configuration list for PBXProject "SortPhotos" */ = {
			isa = XCConfigurationList;
			buildConfigurations = (
				61CBDB671A2C5BE500DC6858 /* Debug */,
				61CBDB681A2C5BE500DC6858 /* Release */,
			);
			defaultConfigurationIsVisible = 0;
			defaultConfigurationName = Release;
		};
		61CBDB691A2C5BE500DC6858 /* Build configuration list for PBXNativeTarget "SortPhotos" */ = {
			isa = XCConfigurationList;
			buildConfigurations = (
				61CBDB6A1A2C5BE500DC6858 /* Debug */,
				61CBDB6B1A2C5BE500DC6858 /* Release */,
			);
			defaultConfigurationIsVisible = 0;
		};
		61CBDB6C1A2C5BE500DC6858 /* Build configuration list for PBXNativeTarget "SortPhotosTests" */ = {
			isa = XCConfigurationList;
			buildConfigurations = (
				61CBDB6D1A2C5BE500DC6858 /* Debug */,
				61CBDB6E1A2C5BE500DC6858 /* Release */,
			);
			defaultConfigurationIsVisible = 0;
		};
/* End XCConfigurationList section */
	};
	rootObject = 61CBDB411A2C5BE400DC6858 /* Project object */;
}
